{
  "name": "reform-api-docs",
  "version": "1.0.0",
  "lockfileVersion": 1,
  "requires": true,
  "dependencies": {
    "swagger-ui-dist": {
      "version": "3.4.2",
      "resolved": "https://registry.npmjs.org/swagger-ui-dist/-/swagger-ui-dist-3.4.2.tgz",
      "integrity": "sha1-gteFNHM4XvVoeQSPGj/KTY5paJ0="
    }
  }
}
